// !$*UTF8*$!
{
	archiveVersion = 1;
	classes = {
	};
	objectVersion = 50;
	objects = {

/* Begin PBXBuildFile section */
		46C214D4268F5C68007AE61D /* AppDelegate.swift in Sources */ = {isa = PBXBuildFile; fileRef = 46C214D3268F5C68007AE61D /* AppDelegate.swift */; };
		46C214D6268F5C68007AE61D /* SceneDelegate.swift in Sources */ = {isa = PBXBuildFile; fileRef = 46C214D5268F5C68007AE61D /* SceneDelegate.swift */; };
		46C214D8268F5C68007AE61D /* ViewController.swift in Sources */ = {isa = PBXBuildFile; fileRef = 46C214D7268F5C68007AE61D /* ViewController.swift */; };
		46C214DB268F5C68007AE61D /* Main.storyboard in Resources */ = {isa = PBXBuildFile; fileRef = 46C214D9268F5C68007AE61D /* Main.storyboard */; };
		46C214DD268F5C6B007AE61D /* Assets.xcassets in Resources */ = {isa = PBXBuildFile; fileRef = 46C214DC268F5C6B007AE61D /* Assets.xcassets */; };
		46C214E0268F5C6C007AE61D /* LaunchScreen.storyboard in Resources */ = {isa = PBXBuildFile; fileRef = 46C214DE268F5C6B007AE61D /* LaunchScreen.storyboard */; };
		46C214EB268F5C6C007AE61D /* ContactsTests.swift in Sources */ = {isa = PBXBuildFile; fileRef = 46C214EA268F5C6C007AE61D /* ContactsTests.swift */; };
		46C214F6268F5C6C007AE61D /* ContactsUITests.swift in Sources */ = {isa = PBXBuildFile; fileRef = 46C214F5268F5C6C007AE61D /* ContactsUITests.swift */; };
/* End PBXBuildFile section */

/* Begin PBXContainerItemProxy section */
		46C214E7268F5C6C007AE61D /* PBXContainerItemProxy */ = {
			isa = PBXContainerItemProxy;
			containerPortal = 46C214C8268F5C68007AE61D /* Project object */;
			proxyType = 1;
			remoteGlobalIDString = 46C214CF268F5C68007AE61D;
			remoteInfo = Contacts;
		};
		46C214F2268F5C6C007AE61D /* PBXContainerItemProxy */ = {
			isa = PBXContainerItemProxy;
			containerPortal = 46C214C8268F5C68007AE61D /* Project object */;
			proxyType = 1;
			remoteGlobalIDString = 46C214CF268F5C68007AE61D;
			remoteInfo = Contacts;
		};
/* End PBXContainerItemProxy section */

/* Begin PBXFileReference section */
		46C214D0268F5C68007AE61D /* Contacts.app */ = {isa = PBXFileReference; explicitFileType = wrapper.application; includeInIndex = 0; path = Contacts.app; sourceTree = BUILT_PRODUCTS_DIR; };
		46C214D3268F5C68007AE61D /* AppDelegate.swift */ = {isa = PBXFileReference; lastKnownFileType = sourcecode.swift; path = AppDelegate.swift; sourceTree = "<group>"; };
		46C214D5268F5C68007AE61D /* SceneDelegate.swift */ = {isa = PBXFileReference; lastKnownFileType = sourcecode.swift; path = SceneDelegate.swift; sourceTree = "<group>"; };
		46C214D7268F5C68007AE61D /* ViewController.swift */ = {isa = PBXFileReference; lastKnownFileType = sourcecode.swift; path = ViewController.swift; sourceTree = "<group>"; };
		46C214DA268F5C68007AE61D /* Base */ = {isa = PBXFileReference; lastKnownFileType = file.storyboard; name = Base; path = Base.lproj/Main.storyboard; sourceTree = "<group>"; };
		46C214DC268F5C6B007AE61D /* Assets.xcassets */ = {isa = PBXFileReference; lastKnownFileType = folder.assetcatalog; path = Assets.xcassets; sourceTree = "<group>"; };
		46C214DF268F5C6B007AE61D /* Base */ = {isa = PBXFileReference; lastKnownFileType = file.storyboard; name = Base; path = Base.lproj/LaunchScreen.storyboard; sourceTree = "<group>"; };
		46C214E1268F5C6C007AE61D /* Info.plist */ = {isa = PBXFileReference; lastKnownFileType = text.plist.xml; path = Info.plist; sourceTree = "<group>"; };
		46C214E6268F5C6C007AE61D /* ContactsTests.xctest */ = {isa = PBXFileReference; explicitFileType = wrapper.cfbundle; includeInIndex = 0; path = ContactsTests.xctest; sourceTree = BUILT_PRODUCTS_DIR; };
		46C214EA268F5C6C007AE61D /* ContactsTests.swift */ = {isa = PBXFileReference; lastKnownFileType = sourcecode.swift; path = ContactsTests.swift; sourceTree = "<group>"; };
		46C214EC268F5C6C007AE61D /* Info.plist */ = {isa = PBXFileReference; lastKnownFileType = text.plist.xml; path = Info.plist; sourceTree = "<group>"; };
		46C214F1268F5C6C007AE61D /* ContactsUITests.xctest */ = {isa = PBXFileReference; explicitFileType = wrapper.cfbundle; includeInIndex = 0; path = ContactsUITests.xctest; sourceTree = BUILT_PRODUCTS_DIR; };
		46C214F5268F5C6C007AE61D /* ContactsUITests.swift */ = {isa = PBXFileReference; lastKnownFileType = sourcecode.swift; path = ContactsUITests.swift; sourceTree = "<group>"; };
		46C214F7268F5C6C007AE61D /* Info.plist */ = {isa = PBXFileReference; lastKnownFileType = text.plist.xml; path = Info.plist; sourceTree = "<group>"; };
/* End PBXFileReference section */

/* Begin PBXFrameworksBuildPhase section */
		46C214CD268F5C68007AE61D /* Frameworks */ = {
			isa = PBXFrameworksBuildPhase;
			buildActionMask = 2147483647;
			files = (
			);
			runOnlyForDeploymentPostprocessing = 0;
		};
		46C214E3268F5C6C007AE61D /* Frameworks */ = {
			isa = PBXFrameworksBuildPhase;
			buildActionMask = 2147483647;
			files = (
			);
			runOnlyForDeploymentPostprocessing = 0;
		};
		46C214EE268F5C6C007AE61D /* Frameworks */ = {
			isa = PBXFrameworksBuildPhase;
			buildActionMask = 2147483647;
			files = (
			);
			runOnlyForDeploymentPostprocessing = 0;
		};
/* End PBXFrameworksBuildPhase section */

/* Begin PBXGroup section */
		46C214C7268F5C68007AE61D = {
			isa = PBXGroup;
			children = (
				46C214D2268F5C68007AE61D /* Contacts */,
				46C214E9268F5C6C007AE61D /* ContactsTests */,
				46C214F4268F5C6C007AE61D /* ContactsUITests */,
				46C214D1268F5C68007AE61D /* Products */,
			);
			sourceTree = "<group>";
		};
		46C214D1268F5C68007AE61D /* Products */ = {
			isa = PBXGroup;
			children = (
				46C214D0268F5C68007AE61D /* Contacts.app */,
				46C214E6268F5C6C007AE61D /* ContactsTests.xctest */,
				46C214F1268F5C6C007AE61D /* ContactsUITests.xctest */,
			);
			name = Products;
			sourceTree = "<group>";
		};
		46C214D2268F5C68007AE61D /* Contacts */ = {
			isa = PBXGroup;
			children = (
				46C214D3268F5C68007AE61D /* AppDelegate.swift */,
				46C214D5268F5C68007AE61D /* SceneDelegate.swift */,
				46C214D7268F5C68007AE61D /* ViewController.swift */,
				46C214D9268F5C68007AE61D /* Main.storyboard */,
				46C214DC268F5C6B007AE61D /* Assets.xcassets */,
				46C214DE268F5C6B007AE61D /* LaunchScreen.storyboard */,
				46C214E1268F5C6C007AE61D /* Info.plist */,
			);
			path = Contacts;
			sourceTree = "<group>";
		};
		46C214E9268F5C6C007AE61D /* ContactsTests */ = {
			isa = PBXGroup;
			children = (
				46C214EA268F5C6C007AE61D /* ContactsTests.swift */,
				46C214EC268F5C6C007AE61D /* Info.plist */,
			);
			path = ContactsTests;
			sourceTree = "<group>";
		};
		46C214F4268F5C6C007AE61D /* ContactsUITests */ = {
			isa = PBXGroup;
			children = (
				46C214F5268F5C6C007AE61D /* ContactsUITests.swift */,
				46C214F7268F5C6C007AE61D /* Info.plist */,
			);
			path = ContactsUITests;
			sourceTree = "<group>";
		};
/* End PBXGroup section */

/* Begin PBXNativeTarget section */
		46C214CF268F5C68007AE61D /* Contacts */ = {
			isa = PBXNativeTarget;
			buildConfigurationList = 46C214FA268F5C6C007AE61D /* Build configuration list for PBXNativeTarget "Contacts" */;
			buildPhases = (
				46C214CC268F5C68007AE61D /* Sources */,
				46C214CD268F5C68007AE61D /* Frameworks */,
				46C214CE268F5C68007AE61D /* Resources */,
			);
			buildRules = (
			);
			dependencies = (
			);
			name = Contacts;
			productName = Contacts;
			productReference = 46C214D0268F5C68007AE61D /* Contacts.app */;
			productType = "com.apple.product-type.application";
		};
		46C214E5268F5C6C007AE61D /* ContactsTests */ = {
			isa = PBXNativeTarget;
			buildConfigurationList = 46C214FD268F5C6C007AE61D /* Build configuration list for PBXNativeTarget "ContactsTests" */;
			buildPhases = (
				46C214E2268F5C6C007AE61D /* Sources */,
				46C214E3268F5C6C007AE61D /* Frameworks */,
				46C214E4268F5C6C007AE61D /* Resources */,
			);
			buildRules = (
			);
			dependencies = (
				46C214E8268F5C6C007AE61D /* PBXTargetDependency */,
			);
			name = ContactsTests;
			productName = ContactsTests;
			productReference = 46C214E6268F5C6C007AE61D /* ContactsTests.xctest */;
			productType = "com.apple.product-type.bundle.unit-test";
		};
		46C214F0268F5C6C007AE61D /* ContactsUITests */ = {
			isa = PBXNativeTarget;
			buildConfigurationList = 46C21500268F5C6C007AE61D /* Build configuration list for PBXNativeTarget "ContactsUITests" */;
			buildPhases = (
				46C214ED268F5C6C007AE61D /* Sources */,
				46C214EE268F5C6C007AE61D /* Frameworks */,
				46C214EF268F5C6C007AE61D /* Resources */,
			);
			buildRules = (
			);
			dependencies = (
				46C214F3268F5C6C007AE61D /* PBXTargetDependency */,
			);
			name = ContactsUITests;
			productName = ContactsUITests;
			productReference = 46C214F1268F5C6C007AE61D /* ContactsUITests.xctest */;
			productType = "com.apple.product-type.bundle.ui-testing";
		};
/* End PBXNativeTarget section */

/* Begin PBXProject section */
		46C214C8268F5C68007AE61D /* Project object */ = {
			isa = PBXProject;
			attributes = {
				LastSwiftUpdateCheck = 1250;
				LastUpgradeCheck = 1250;
				TargetAttributes = {
					46C214CF268F5C68007AE61D = {
						CreatedOnToolsVersion = 12.5.1;
					};
					46C214E5268F5C6C007AE61D = {
						CreatedOnToolsVersion = 12.5.1;
						TestTargetID = 46C214CF268F5C68007AE61D;
					};
					46C214F0268F5C6C007AE61D = {
						CreatedOnToolsVersion = 12.5.1;
						TestTargetID = 46C214CF268F5C68007AE61D;
					};
				};
			};
			buildConfigurationList = 46C214CB268F5C68007AE61D /* Build configuration list for PBXProject "Contacts" */;
			compatibilityVersion = "Xcode 9.3";
			developmentRegion = en;
			hasScannedForEncodings = 0;
			knownRegions = (
				en,
				Base,
			);
			mainGroup = 46C214C7268F5C68007AE61D;
			productRefGroup = 46C214D1268F5C68007AE61D /* Products */;
			projectDirPath = "";
			projectRoot = "";
			targets = (
				46C214CF268F5C68007AE61D /* Contacts */,
				46C214E5268F5C6C007AE61D /* ContactsTests */,
				46C214F0268F5C6C007AE61D /* ContactsUITests */,
			);
		};
/* End PBXProject section */

/* Begin PBXResourcesBuildPhase section */
		46C214CE268F5C68007AE61D /* Resources */ = {
			isa = PBXResourcesBuildPhase;
			buildActionMask = 2147483647;
			files = (
				46C214E0268F5C6C007AE61D /* LaunchScreen.storyboard in Resources */,
				46C214DD268F5C6B007AE61D /* Assets.xcassets in Resources */,
				46C214DB268F5C68007AE61D /* Main.storyboard in Resources */,
			);
			runOnlyForDeploymentPostprocessing = 0;
		};
		46C214E4268F5C6C007AE61D /* Resources */ = {
			isa = PBXResourcesBuildPhase;
			buildActionMask = 2147483647;
			files = (
			);
			runOnlyForDeploymentPostprocessing = 0;
		};
		46C214EF268F5C6C007AE61D /* Resources */ = {
			isa = PBXResourcesBuildPhase;
			buildActionMask = 2147483647;
			files = (
			);
			runOnlyForDeploymentPostprocessing = 0;
		};
/* End PBXResourcesBuildPhase section */

/* Begin PBXSourcesBuildPhase section */
		46C214CC268F5C68007AE61D /* Sources */ = {
			isa = PBXSourcesBuildPhase;
			buildActionMask = 2147483647;
			files = (
				46C214D8268F5C68007AE61D /* ViewController.swift in Sources */,
				46C214D4268F5C68007AE61D /* AppDelegate.swift in Sources */,
				46C214D6268F5C68007AE61D /* SceneDelegate.swift in Sources */,
			);
			runOnlyForDeploymentPostprocessing = 0;
		};
		46C214E2268F5C6C007AE61D /* Sources */ = {
			isa = PBXSourcesBuildPhase;
			buildActionMask = 2147483647;
			files = (
				46C214EB268F5C6C007AE61D /* ContactsTests.swift in Sources */,
			);
			runOnlyForDeploymentPostprocessing = 0;
		};
		46C214ED268F5C6C007AE61D /* Sources */ = {
			isa = PBXSourcesBuildPhase;
			buildActionMask = 2147483647;
			files = (
				46C214F6268F5C6C007AE61D /* ContactsUITests.swift in Sources */,
			);
			runOnlyForDeploymentPostprocessing = 0;
		};
/* End PBXSourcesBuildPhase section */

/* Begin PBXTargetDependency section */
		46C214E8268F5C6C007AE61D /* PBXTargetDependency */ = {
			isa = PBXTargetDependency;
			target = 46C214CF268F5C68007AE61D /* Contacts */;
			targetProxy = 46C214E7268F5C6C007AE61D /* PBXContainerItemProxy */;
		};
		46C214F3268F5C6C007AE61D /* PBXTargetDependency */ = {
			isa = PBXTargetDependency;
			target = 46C214CF268F5C68007AE61D /* Contacts */;
			targetProxy = 46C214F2268F5C6C007AE61D /* PBXContainerItemProxy */;
		};
/* End PBXTargetDependency section */

/* Begin PBXVariantGroup section */
		46C214D9268F5C68007AE61D /* Main.storyboard */ = {
			isa = PBXVariantGroup;
			children = (
				46C214DA268F5C68007AE61D /* Base */,
			);
			name = Main.storyboard;
			sourceTree = "<group>";
		};
		46C214DE268F5C6B007AE61D /* LaunchScreen.storyboard */ = {
			isa = PBXVariantGroup;
			children = (
				46C214DF268F5C6B007AE61D /* Base */,
			);
			name = LaunchScreen.storyboard;
			sourceTree = "<group>";
		};
/* End PBXVariantGroup section */

/* Begin XCBuildConfiguration section */
		46C214F8268F5C6C007AE61D /* Debug */ = {
			isa = XCBuildConfiguration;
			buildSettings = {
				ALWAYS_SEARCH_USER_PATHS = NO;
				CLANG_ANALYZER_NONNULL = YES;
				CLANG_ANALYZER_NUMBER_OBJECT_CONVERSION = YES_AGGRESSIVE;
				CLANG_CXX_LANGUAGE_STANDARD = "gnu++14";
				CLANG_CXX_LIBRARY = "libc++";
				CLANG_ENABLE_MODULES = YES;
				CLANG_ENABLE_OBJC_ARC = YES;
				CLANG_ENABLE_OBJC_WEAK = YES;
				CLANG_WARN_BLOCK_CAPTURE_AUTORELEASING = YES;
				CLANG_WARN_BOOL_CONVERSION = YES;
				CLANG_WARN_COMMA = YES;
				CLANG_WARN_CONSTANT_CONVERSION = YES;
				CLANG_WARN_DEPRECATED_OBJC_IMPLEMENTATIONS = YES;
				CLANG_WARN_DIRECT_OBJC_ISA_USAGE = YES_ERROR;
				CLANG_WARN_DOCUMENTATION_COMMENTS = YES;
				CLANG_WARN_EMPTY_BODY = YES;
				CLANG_WARN_ENUM_CONVERSION = YES;
				CLANG_WARN_INFINITE_RECURSION = YES;
				CLANG_WARN_INT_CONVERSION = YES;
				CLANG_WARN_NON_LITERAL_NULL_CONVERSION = YES;
				CLANG_WARN_OBJC_IMPLICIT_RETAIN_SELF = YES;
				CLANG_WARN_OBJC_LITERAL_CONVERSION = YES;
				CLANG_WARN_OBJC_ROOT_CLASS = YES_ERROR;
				CLANG_WARN_QUOTED_INCLUDE_IN_FRAMEWORK_HEADER = YES;
				CLANG_WARN_RANGE_LOOP_ANALYSIS = YES;
				CLANG_WARN_STRICT_PROTOTYPES = YES;
				CLANG_WARN_SUSPICIOUS_MOVE = YES;
				CLANG_WARN_UNGUARDED_AVAILABILITY = YES_AGGRESSIVE;
				CLANG_WARN_UNREACHABLE_CODE = YES;
				CLANG_WARN__DUPLICATE_METHOD_MATCH = YES;
				COPY_PHASE_STRIP = NO;
				DEBUG_INFORMATION_FORMAT = dwarf;
				ENABLE_STRICT_OBJC_MSGSEND = YES;
				ENABLE_TESTABILITY = YES;
				GCC_C_LANGUAGE_STANDARD = gnu11;
				GCC_DYNAMIC_NO_PIC = NO;
				GCC_NO_COMMON_BLOCKS = YES;
				GCC_OPTIMIZATION_LEVEL = 0;
				GCC_PREPROCESSOR_DEFINITIONS = (
					"DEBUG=1",
					"$(inherited)",
				);
				GCC_WARN_64_TO_32_BIT_CONVERSION = YES;
				GCC_WARN_ABOUT_RETURN_TYPE = YES_ERROR;
				GCC_WARN_UNDECLARED_SELECTOR = YES;
				GCC_WARN_UNINITIALIZED_AUTOS = YES_AGGRESSIVE;
				GCC_WARN_UNUSED_FUNCTION = YES;
				GCC_WARN_UNUSED_VARIABLE = YES;
				IPHONEOS_DEPLOYMENT_TARGET = 14.5;
				MTL_ENABLE_DEBUG_INFO = INCLUDE_SOURCE;
				MTL_FAST_MATH = YES;
				ONLY_ACTIVE_ARCH = YES;
				SDKROOT = iphoneos;
				SWIFT_ACTIVE_COMPILATION_CONDITIONS = DEBUG;
				SWIFT_OPTIMIZATION_LEVEL = "-Onone";
			};
			name = Debug;
		};
		46C214F9268F5C6C007AE61D /* Release */ = {
			isa = XCBuildConfiguration;
			buildSettings = {
				ALWAYS_SEARCH_USER_PATHS = NO;
				CLANG_ANALYZER_NONNULL = YES;
				CLANG_ANALYZER_NUMBER_OBJECT_CONVERSION = YES_AGGRESSIVE;
				CLANG_CXX_LANGUAGE_STANDARD = "gnu++14";
				CLANG_CXX_LIBRARY = "libc++";
				CLANG_ENABLE_MODULES = YES;
				CLANG_ENABLE_OBJC_ARC = YES;
				CLANG_ENABLE_OBJC_WEAK = YES;
				CLANG_WARN_BLOCK_CAPTURE_AUTORELEASING = YES;
				CLANG_WARN_BOOL_CONVERSION = YES;
				CLANG_WARN_COMMA = YES;
				CLANG_WARN_CONSTANT_CONVERSION = YES;
				CLANG_WARN_DEPRECATED_OBJC_IMPLEMENTATIONS = YES;
				CLANG_WARN_DIRECT_OBJC_ISA_USAGE = YES_ERROR;
				CLANG_WARN_DOCUMENTATION_COMMENTS = YES;
				CLANG_WARN_EMPTY_BODY = YES;
				CLANG_WARN_ENUM_CONVERSION = YES;
				CLANG_WARN_INFINITE_RECURSION = YES;
				CLANG_WARN_INT_CONVERSION = YES;
				CLANG_WARN_NON_LITERAL_NULL_CONVERSION = YES;
				CLANG_WARN_OBJC_IMPLICIT_RETAIN_SELF = YES;
				CLANG_WARN_OBJC_LITERAL_CONVERSION = YES;
				CLANG_WARN_OBJC_ROOT_CLASS = YES_ERROR;
				CLANG_WARN_QUOTED_INCLUDE_IN_FRAMEWORK_HEADER = YES;
				CLANG_WARN_RANGE_LOOP_ANALYSIS = YES;
				CLANG_WARN_STRICT_PROTOTYPES = YES;
				CLANG_WARN_SUSPICIOUS_MOVE = YES;
				CLANG_WARN_UNGUARDED_AVAILABILITY = YES_AGGRESSIVE;
				CLANG_WARN_UNREACHABLE_CODE = YES;
				CLANG_WARN__DUPLICATE_METHOD_MATCH = YES;
				COPY_PHASE_STRIP = NO;
				DEBUG_INFORMATION_FORMAT = "dwarf-with-dsym";
				ENABLE_NS_ASSERTIONS = NO;
				ENABLE_STRICT_OBJC_MSGSEND = YES;
				GCC_C_LANGUAGE_STANDARD = gnu11;
				GCC_NO_COMMON_BLOCKS = YES;
				GCC_WARN_64_TO_32_BIT_CONVERSION = YES;
				GCC_WARN_ABOUT_RETURN_TYPE = YES_ERROR;
				GCC_WARN_UNDECLARED_SELECTOR = YES;
				GCC_WARN_UNINITIALIZED_AUTOS = YES_AGGRESSIVE;
				GCC_WARN_UNUSED_FUNCTION = YES;
				GCC_WARN_UNUSED_VARIABLE = YES;
				IPHONEOS_DEPLOYMENT_TARGET = 14.5;
				MTL_ENABLE_DEBUG_INFO = NO;
				MTL_FAST_MATH = YES;
				SDKROOT = iphoneos;
				SWIFT_COMPILATION_MODE = wholemodule;
				SWIFT_OPTIMIZATION_LEVEL = "-O";
				VALIDATE_PRODUCT = YES;
			};
			name = Release;
		};
		46C214FB268F5C6C007AE61D /* Debug */ = {
			isa = XCBuildConfiguration;
			buildSettings = {
				ASSETCATALOG_COMPILER_APPICON_NAME = AppIcon;
				ASSETCATALOG_COMPILER_GLOBAL_ACCENT_COLOR_NAME = AccentColor;
				CODE_SIGN_STYLE = Automatic;
				DEVELOPMENT_TEAM = 5NAKQ28539;
				INFOPLIST_FILE = Contacts/Info.plist;
				LD_RUNPATH_SEARCH_PATHS = (
					"$(inherited)",
					"@executable_path/Frameworks",
				);
				PRODUCT_BUNDLE_IDENTIFIER = vigvamcev.Contacts;
				PRODUCT_NAME = "$(TARGET_NAME)";
				SWIFT_VERSION = 5.0;
				TARGETED_DEVICE_FAMILY = "1,2";
			};
			name = Debug;
		};
		46C214FC268F5C6C007AE61D /* Release */ = {
			isa = XCBuildConfiguration;
			buildSettings = {
				ASSETCATALOG_COMPILER_APPICON_NAME = AppIcon;
				ASSETCATALOG_COMPILER_GLOBAL_ACCENT_COLOR_NAME = AccentColor;
				CODE_SIGN_STYLE = Automatic;
				DEVELOPMENT_TEAM = 5NAKQ28539;
				INFOPLIST_FILE = Contacts/Info.plist;
				LD_RUNPATH_SEARCH_PATHS = (
					"$(inherited)",
					"@executable_path/Frameworks",
				);
				PRODUCT_BUNDLE_IDENTIFIER = vigvamcev.Contacts;
				PRODUCT_NAME = "$(TARGET_NAME)";
				SWIFT_VERSION = 5.0;
				TARGETED_DEVICE_FAMILY = "1,2";
			};
			name = Release;
		};
		46C214FE268F5C6C007AE61D /* Debug */ = {
			isa = XCBuildConfiguration;
			buildSettings = {
				ALWAYS_EMBED_SWIFT_STANDARD_LIBRARIES = YES;
				BUNDLE_LOADER = "$(TEST_HOST)";
				CODE_SIGN_STYLE = Automatic;
				DEVELOPMENT_TEAM = 5NAKQ28539;
				INFOPLIST_FILE = ContactsTests/Info.plist;
				IPHONEOS_DEPLOYMENT_TARGET = 14.5;
				LD_RUNPATH_SEARCH_PATHS = (
					"$(inherited)",
					"@executable_path/Frameworks",
					"@loader_path/Frameworks",
				);
				PRODUCT_BUNDLE_IDENTIFIER = vigvamcev.ContactsTests;
				PRODUCT_NAME = "$(TARGET_NAME)";
				SWIFT_VERSION = 5.0;
				TARGETED_DEVICE_FAMILY = "1,2";
				TEST_HOST = "$(BUILT_PRODUCTS_DIR)/Contacts.app/Contacts";
			};
			name = Debug;
		};
		46C214FF268F5C6C007AE61D /* Release */ = {
			isa = XCBuildConfiguration;
			buildSettings = {
				ALWAYS_EMBED_SWIFT_STANDARD_LIBRARIES = YES;
				BUNDLE_LOADER = "$(TEST_HOST)";
				CODE_SIGN_STYLE = Automatic;
				DEVELOPMENT_TEAM = 5NAKQ28539;
				INFOPLIST_FILE = ContactsTests/Info.plist;
				IPHONEOS_DEPLOYMENT_TARGET = 14.5;
				LD_RUNPATH_SEARCH_PATHS = (
					"$(inherited)",
					"@executable_path/Frameworks",
					"@loader_path/Frameworks",
				);
				PRODUCT_BUNDLE_IDENTIFIER = vigvamcev.ContactsTests;
				PRODUCT_NAME = "$(TARGET_NAME)";
				SWIFT_VERSION = 5.0;
				TARGETED_DEVICE_FAMILY = "1,2";
				TEST_HOST = "$(BUILT_PRODUCTS_DIR)/Contacts.app/Contacts";
			};
			name = Release;
		};
		46C21501268F5C6C007AE61D /* Debug */ = {
			isa = XCBuildConfiguration;
			buildSettings = {
				ALWAYS_EMBED_SWIFT_STANDARD_LIBRARIES = YES;
				CODE_SIGN_STYLE = Automatic;
				DEVELOPMENT_TEAM = 5NAKQ28539;
				INFOPLIST_FILE = ContactsUITests/Info.plist;
				LD_RUNPATH_SEARCH_PATHS = (
					"$(inherited)",
					"@executable_path/Frameworks",
					"@loader_path/Frameworks",
				);
				PRODUCT_BUNDLE_IDENTIFIER = vigvamcev.ContactsUITests;
				PRODUCT_NAME = "$(TARGET_NAME)";
				SWIFT_VERSION = 5.0;
				TARGETED_DEVICE_FAMILY = "1,2";
				TEST_TARGET_NAME = Contacts;
			};
			name = Debug;
		};
		46C21502268F5C6C007AE61D /* Release */ = {
			isa = XCBuildConfiguration;
			buildSettings = {
				ALWAYS_EMBED_SWIFT_STANDARD_LIBRARIES = YES;
				CODE_SIGN_STYLE = Automatic;
				DEVELOPMENT_TEAM = 5NAKQ28539;
				INFOPLIST_FILE = ContactsUITests/Info.plist;
				LD_RUNPATH_SEARCH_PATHS = (
					"$(inherited)",
					"@executable_path/Frameworks",
					"@loader_path/Frameworks",
				);
				PRODUCT_BUNDLE_IDENTIFIER = vigvamcev.ContactsUITests;
				PRODUCT_NAME = "$(TARGET_NAME)";
				SWIFT_VERSION = 5.0;
				TARGETED_DEVICE_FAMILY = "1,2";
				TEST_TARGET_NAME = Contacts;
			};
			name = Release;
		};
/* End XCBuildConfiguration section */

/* Begin XCConfigurationList section */
		46C214CB268F5C68007AE61D /* Build configuration list for PBXProject "Contacts" */ = {
			isa = XCConfigurationList;
			buildConfigurations = (
				46C214F8268F5C6C007AE61D /* Debug */,
				46C214F9268F5C6C007AE61D /* Release */,
			);
			defaultConfigurationIsVisible = 0;
			defaultConfigurationName = Release;
		};
		46C214FA268F5C6C007AE61D /* Build configuration list for PBXNativeTarget "Contacts" */ = {
			isa = XCConfigurationList;
			buildConfigurations = (
				46C214FB268F5C6C007AE61D /* Debug */,
				46C214FC268F5C6C007AE61D /* Release */,
			);
			defaultConfigurationIsVisible = 0;
			defaultConfigurationName = Release;
		};
		46C214FD268F5C6C007AE61D /* Build configuration list for PBXNativeTarget "ContactsTests" */ = {
			isa = XCConfigurationList;
			buildConfigurations = (
				46C214FE268F5C6C007AE61D /* Debug */,
				46C214FF268F5C6C007AE61D /* Release */,
			);
			defaultConfigurationIsVisible = 0;
			defaultConfigurationName = Release;
		};
		46C21500268F5C6C007AE61D /* Build configuration list for PBXNativeTarget "ContactsUITests" */ = {
			isa = XCConfigurationList;
			buildConfigurations = (
				46C21501268F5C6C007AE61D /* Debug */,
				46C21502268F5C6C007AE61D /* Release */,
			);
			defaultConfigurationIsVisible = 0;
			defaultConfigurationName = Release;
		};
/* End XCConfigurationList section */
	};
	rootObject = 46C214C8268F5C68007AE61D /* Project object */;
}
